
Microsoft Visual Studio Solution File, Format Version 12.00
# Visual Studio Version 17
VisualStudioVersion = 17.14.36414.22 d17.14
MinimumVisualStudioVersion = 10.0.40219.1
Project("{FAE04EC0-301F-11D3-BF4B-00C04F79EFBC}") = "JSONчики", "JSONчики.csproj", "{9A8CED1B-596F-4566-A347-1AE8B36B3500}"
EndProject
Global
	GlobalSection(SolutionConfigurationPlatforms) = preSolution
		Debug|Any CPU = Debug|Any CPU
		Release|Any CPU = Release|Any CPU
	EndGlobalSection
	GlobalSection(ProjectConfigurationPlatforms) = postSolution
		{9A8CED1B-596F-4566-A347-1AE8B36B3500}.Debug|Any CPU.ActiveCfg = Debug|Any CPU
		{9A8CED1B-596F-4566-A347-1AE8B36B3500}.Debug|Any CPU.Build.0 = Debug|Any CPU
		{9A8CED1B-596F-4566-A347-1AE8B36B3500}.Release|Any CPU.ActiveCfg = Release|Any CPU
		{9A8CED1B-596F-4566-A347-1AE8B36B3500}.Release|Any CPU.Build.0 = Release|Any CPU
	EndGlobalSection
	GlobalSection(SolutionProperties) = preSolution
		HideSolutionNode = FALSE
	EndGlobalSection
	GlobalSection(ExtensibilityGlobals) = postSolution
		SolutionGuid = {08934D3C-060E-4AAA-A433-DBD45E3C6EDD}
	EndGlobalSection
EndGlobal
